
Microsoft Visual Studio Solution File, Format Version 12.00
# Visual Studio Version 16
VisualStudioVersion = 16.0.32002.261
MinimumVisualStudioVersion = 10.0.40219.1
Project("{FAE04EC0-301F-11D3-BF4B-00C04F79EFBC}") = "MagicFilesLib", "MagicFilesLib\MagicFilesLib.csproj", "{A9F94413-6B8D-46D0-8E9F-ACC85FC94EE5}"
EndProject
Project("{FAE04EC0-301F-11D3-BF4B-00C04F79EFBC}") = "DirectoryExplorer.Tests", "DirectoryExplorer.Tests\DirectoryExplorer.Tests.csproj", "{82898F58-0A8B-4419-B63E-9096DF16234C}"
EndProject
Global
	GlobalSection(SolutionConfigurationPlatforms) = preSolution
		Debug|Any CPU = Debug|Any CPU
		Release|Any CPU = Release|Any CPU
	EndGlobalSection
	GlobalSection(ProjectConfigurationPlatforms) = postSolution
		{A9F94413-6B8D-46D0-8E9F-ACC85FC94EE5}.Debug|Any CPU.ActiveCfg = Debug|Any CPU
		{A9F94413-6B8D-46D0-8E9F-ACC85FC94EE5}.Debug|Any CPU.Build.0 = Debug|Any CPU
		{A9F94413-6B8D-46D0-8E9F-ACC85FC94EE5}.Release|Any CPU.ActiveCfg = Release|Any CPU
		{A9F94413-6B8D-46D0-8E9F-ACC85FC94EE5}.Release|Any CPU.Build.0 = Release|Any CPU
		{82898F58-0A8B-4419-B63E-9096DF16234C}.Debug|Any CPU.ActiveCfg = Debug|Any CPU
		{82898F58-0A8B-4419-B63E-9096DF16234C}.Debug|Any CPU.Build.0 = Debug|Any CPU
		{82898F58-0A8B-4419-B63E-9096DF16234C}.Release|Any CPU.ActiveCfg = Release|Any CPU
		{82898F58-0A8B-4419-B63E-9096DF16234C}.Release|Any CPU.Build.0 = Release|Any CPU
	EndGlobalSection
	GlobalSection(SolutionProperties) = preSolution
		HideSolutionNode = FALSE
	EndGlobalSection
	GlobalSection(ExtensibilityGlobals) = postSolution
		SolutionGuid = {17721A51-21CC-413B-B721-9CA03B73B568}
	EndGlobalSection
EndGlobal
